// !$*UTF8*$!
{
	archiveVersion = 1;
	classes = {
	};
	objectVersion = 46;
	objects = {

/* Begin PBXBuildFile section */
		0ACA7EB649EC7DD905A77418 /* SalesOrderItemsMasterTableDelegate.swift in Sources */ = {isa = PBXBuildFile; fileRef = 75C4FF724429C3929EC09241 /* SalesOrderItemsMasterTableDelegate.swift */; };
		0D7C10C14CE7A573759F79E4 /* Customer.swift in Sources */ = {isa = PBXBuildFile; fileRef = 8C75DA3D88C3BDFB86CB429A /* Customer.swift */; };
		0E67D015678CEB8902662B64 /* ESPMContainerDataAccess.swift in Sources */ = {isa = PBXBuildFile; fileRef = AADF75AEA0AD4C0946295053 /* ESPMContainerDataAccess.swift */; };
		12926CEA9277E3450A7B09BB /* ProductCategoryDetailTableDelegate.swift in Sources */ = {isa = PBXBuildFile; fileRef = DAFD400FACE3C10DCED88B96 /* ProductCategoryDetailTableDelegate.swift */; };
		12E07EF21E96851800460A94 /* CollectionType.swift in Sources */ = {isa = PBXBuildFile; fileRef = 12E07EF11E96851800460A94 /* CollectionType.swift */; };
		1D2BF2AF8A25EF7159E000B8 /* ESPMContainerMetadata.swift in Sources */ = {isa = PBXBuildFile; fileRef = FD7A1AFE83C2C4B48741DAB0 /* ESPMContainerMetadata.swift */; };
		2BAB6EEAFD44CBDE31737B66 /* SalesOrderHeaderDetailTableDelegate.swift in Sources */ = {isa = PBXBuildFile; fileRef = 02D01D2B3E1C44BB506ED280 /* SalesOrderHeaderDetailTableDelegate.swift */; };
		3683BE585A43FDE21BFED977 /* Product.swift in Sources */ = {isa = PBXBuildFile; fileRef = 63CFFE74E75994168C8DEB92 /* Product.swift */; };
		3900CC19F5E3066B528336A8 /* PurchaseOrderItemDetailTableDelegate.swift in Sources */ = {isa = PBXBuildFile; fileRef = 19EA8CB0135E8FA4AF98DCEF /* PurchaseOrderItemDetailTableDelegate.swift */; };
		48306D6E7F281CCBDBCDF3BC /* ProductText.swift in Sources */ = {isa = PBXBuildFile; fileRef = E4E8719F0655B1413D20CFD7 /* ProductText.swift */; };
		490EC67461B9F75B9F03CE89 /* PurchaseOrderItem.swift in Sources */ = {isa = PBXBuildFile; fileRef = 07FC7F6E21CC97EE3F285A39 /* PurchaseOrderItem.swift */; };
		4AB378E754D44C38F2C182C2 /* CustomerDetailTableDelegate.swift in Sources */ = {isa = PBXBuildFile; fileRef = 2E772C02FDC09EE83E714E0F /* CustomerDetailTableDelegate.swift */; };
		50327CE3CDE80A4A2D545F11 /* ProductsMasterTableDelegate.swift in Sources */ = {isa = PBXBuildFile; fileRef = 3B2F621478CBDA442E26B573 /* ProductsMasterTableDelegate.swift */; };
		50EB151060A49518DBB8CB71 /* StockDetailTableDelegate.swift in Sources */ = {isa = PBXBuildFile; fileRef = 6100504B09493D924227FB12 /* StockDetailTableDelegate.swift */; };
		592EE779637ECA00605E6AF6 /* Stock.swift in Sources */ = {isa = PBXBuildFile; fileRef = 59C58A1313B9583B80310602 /* Stock.swift */; };
		605A91C74F3C5CA852D6873F /* PurchaseOrderHeader.swift in Sources */ = {isa = PBXBuildFile; fileRef = 13273118488FE359E987173E /* PurchaseOrderHeader.swift */; };
		65B8DB8CD8C002827FB1A113 /* ProductTextsMasterTableDelegate.swift in Sources */ = {isa = PBXBuildFile; fileRef = EAFF15BA53F10AA2AEB5C695 /* ProductTextsMasterTableDelegate.swift */; };
		6A3BE2BFEEB35024DD5DA7D5 /* ProductTextDetailTableDelegate.swift in Sources */ = {isa = PBXBuildFile; fileRef = F7F39C6DF4F049EEB7962318 /* ProductTextDetailTableDelegate.swift */; };
		73CCBB32F37B7C4A3D613A0F /* PurchaseOrderHeadersMasterTableDelegate.swift in Sources */ = {isa = PBXBuildFile; fileRef = F6E721608D71F0ECD8B8B6E4 /* PurchaseOrderHeadersMasterTableDelegate.swift */; };
		753AAE9E1DCA20B400972B8E /* (null) in Sources */ = {isa = PBXBuildFile; };
		753AAE9F1DCA20B400972B8E /* (null) in Sources */ = {isa = PBXBuildFile; };
		75AC42D11DAF824D00B445FF /* MasterViewController.swift in Sources */ = {isa = PBXBuildFile; fileRef = 75AC42CB1DAF824D00B445FF /* MasterViewController.swift */; };
		75AC42D21DAF824D00B445FF /* DetailViewController.swift in Sources */ = {isa = PBXBuildFile; fileRef = 75AC42CC1DAF824D00B445FF /* DetailViewController.swift */; };
		75AC42D31DAF824D00B445FF /* BasicAuthViewController.swift in Sources */ = {isa = PBXBuildFile; fileRef = 75AC42CD1DAF824D00B445FF /* BasicAuthViewController.swift */; };
		75AC42D41DAF824D00B445FF /* CollectionsViewController.swift in Sources */ = {isa = PBXBuildFile; fileRef = 75AC42CE1DAF824D00B445FF /* CollectionsViewController.swift */; };
		75AC42DA1DAF868400B445FF /* Notifier.swift in Sources */ = {isa = PBXBuildFile; fileRef = 75AC42D91DAF868400B445FF /* Notifier.swift */; };
		75AC42DC1DAF988700B445FF /* MasterTableDelegate.swift in Sources */ = {isa = PBXBuildFile; fileRef = 75AC42DB1DAF988700B445FF /* MasterTableDelegate.swift */; };
		75AC42DE1DAF988D00B445FF /* DetailTableDelegate.swift in Sources */ = {isa = PBXBuildFile; fileRef = 75AC42DD1DAF988D00B445FF /* DetailTableDelegate.swift */; };
		75C9C1151DC22E3B002055E6 /* RegexManager.swift in Sources */ = {isa = PBXBuildFile; fileRef = 75C9C1141DC22E3B002055E6 /* RegexManager.swift */; };
		75DD10A41DC1F23B007EB4BC /* TypeValidator.swift in Sources */ = {isa = PBXBuildFile; fileRef = 75DD10A31DC1F23B007EB4BC /* TypeValidator.swift */; };
		7A1315B91D4B982000A5DA56 /* AppDelegate.swift in Sources */ = {isa = PBXBuildFile; fileRef = 7A1315B81D4B982000A5DA56 /* AppDelegate.swift */; };
		7A1315C21D4B982000A5DA56 /* Assets.xcassets in Resources */ = {isa = PBXBuildFile; fileRef = 7A1315C11D4B982000A5DA56 /* Assets.xcassets */; };
		7A1315C51D4B982000A5DA56 /* LaunchScreen.storyboard in Resources */ = {isa = PBXBuildFile; fileRef = 7A1315C31D4B982000A5DA56 /* LaunchScreen.storyboard */; };
		7AB2C56D1D50A95E00D1F039 /* Constants.swift in Sources */ = {isa = PBXBuildFile; fileRef = 7AB2C56C1D50A95E00D1F039 /* Constants.swift */; };
		81776E87323E0BD7E481B70E /* ESPMContainer.swift in Sources */ = {isa = PBXBuildFile; fileRef = 0955E5F28B431DDD6F61CCD9 /* ESPMContainer.swift */; };
		870286AA8C79C96F774673CE /* ProductDetailTableDelegate.swift in Sources */ = {isa = PBXBuildFile; fileRef = E3196DD0031342EFE8B2B1B3 /* ProductDetailTableDelegate.swift */; };
		894079376FD4BF4460A3C08C /* ProductCategoriesMasterTableDelegate.swift in Sources */ = {isa = PBXBuildFile; fileRef = CB093B6BBECCFD3B68494821 /* ProductCategoriesMasterTableDelegate.swift */; };
		8A4249529B08251C275D3C28 /* SalesOrderHeader.swift in Sources */ = {isa = PBXBuildFile; fileRef = 67C92C811FA058FE91F5AF92 /* SalesOrderHeader.swift */; };
		96F5E9031AF3E308CF1F47DF /* Supplier.swift in Sources */ = {isa = PBXBuildFile; fileRef = 51D52DA5352DDF6D28E25105 /* Supplier.swift */; };
		A14D15275739B16E19E88A40 /* PurchaseOrderHeaderDetailTableDelegate.swift in Sources */ = {isa = PBXBuildFile; fileRef = 218E94102843100F1B9911B6 /* PurchaseOrderHeaderDetailTableDelegate.swift */; };
		AB45CEE0BAB3D7C581FF2EC7 /* SalesOrderItemDetailTableDelegate.swift in Sources */ = {isa = PBXBuildFile; fileRef = F04D72F3C4461D0BC5BFB246 /* SalesOrderItemDetailTableDelegate.swift */; };
		B8C18D6B1F20DD6E003EAE47 /* AppLogonHelper.swift in Sources */ = {isa = PBXBuildFile; fileRef = B8C18D6A1F20DD6E003EAE47 /* AppLogonHelper.swift */; };
		B8C18D6D1F20DFA4003EAE47 /* WelcomeControllerDelegate.swift in Sources */ = {isa = PBXBuildFile; fileRef = B8C18D6C1F20DFA4003EAE47 /* WelcomeControllerDelegate.swift */; };
		B8C18D6F1F20EA19003EAE47 /* PasscodeControllerDelegate.swift in Sources */ = {isa = PBXBuildFile; fileRef = B8C18D6E1F20EA19003EAE47 /* PasscodeControllerDelegate.swift */; };
		B8C18D711F20EE5D003EAE47 /* ESPMService.swift in Sources */ = {isa = PBXBuildFile; fileRef = B8C18D701F20EE5D003EAE47 /* ESPMService.swift */; };
		B8FAB6FF1F1F9BE90088D217 /* KeychainUtils.swift in Sources */ = {isa = PBXBuildFile; fileRef = B8FAB6FE1F1F9BE90088D217 /* KeychainUtils.swift */; };
		B8FAB7011F1F9D860088D217 /* OnBoardingViewController.swift in Sources */ = {isa = PBXBuildFile; fileRef = B8FAB7001F1F9D860088D217 /* OnBoardingViewController.swift */; };
		BE5B0F7D2AA22CBBE146F55F /* SuppliersMasterTableDelegate.swift in Sources */ = {isa = PBXBuildFile; fileRef = 2D82A115D1AC8DC4AD4345DB /* SuppliersMasterTableDelegate.swift */; };
		C7AC823B42F3ED54610A5E04 /* SalesOrderHeadersMasterTableDelegate.swift in Sources */ = {isa = PBXBuildFile; fileRef = 3D146D8DCB9FD0EA7CEC0DB0 /* SalesOrderHeadersMasterTableDelegate.swift */; };
		C90B8B8CBCE1047ACF21C199 /* StockMasterTableDelegate.swift in Sources */ = {isa = PBXBuildFile; fileRef = 89BDF565BD2816D9BC8AF9AC /* StockMasterTableDelegate.swift */; };
		CBCA7A991E3778A9001AF49E /* Main.storyboard in Resources */ = {isa = PBXBuildFile; fileRef = CBCA7A9B1E3778A9001AF49E /* Main.storyboard */; };
		CBF918211DCC95B30037332A /* LoadingIndicator.swift in Sources */ = {isa = PBXBuildFile; fileRef = CBF918201DCC95B30037332A /* LoadingIndicator.swift */; };
		D5BE6CD5C3559E3CC7C1EFF6 /* ProductCategory.swift in Sources */ = {isa = PBXBuildFile; fileRef = CD639797DB6570468EB100B6 /* ProductCategory.swift */; };
		E025A1A6884E00EBE4D9B7AA /* SupplierDetailTableDelegate.swift in Sources */ = {isa = PBXBuildFile; fileRef = 3F577623879D8AAACFB7C483 /* SupplierDetailTableDelegate.swift */; };
		E358AF44131281BAED33CADB /* PurchaseOrderItemsMasterTableDelegate.swift in Sources */ = {isa = PBXBuildFile; fileRef = 66B1B37F395EB69B9279766A /* PurchaseOrderItemsMasterTableDelegate.swift */; };
		F3286C4F8FBC3DD4D6904179 /* SalesOrderItem.swift in Sources */ = {isa = PBXBuildFile; fileRef = 76BE854B8102E0A68A80D265 /* SalesOrderItem.swift */; };
		F881DF8B4C8DE6CF10DABE77 /* CustomersMasterTableDelegate.swift in Sources */ = {isa = PBXBuildFile; fileRef = B219D8CF4AAB481EF638428B /* CustomersMasterTableDelegate.swift */; };
/* End PBXBuildFile section */

/* Begin PBXCopyFilesBuildPhase section */
		758AC1C31D5A265200311F39 /* Embed Frameworks */ = {
			isa = PBXCopyFilesBuildPhase;
			buildActionMask = 2147483647;
			dstPath = "";
			dstSubfolderSpec = 10;
			files = (
			);
			name = "Embed Frameworks";
			runOnlyForDeploymentPostprocessing = 0;
		};
/* End PBXCopyFilesBuildPhase section */

/* Begin PBXFileReference section */
		02D01D2B3E1C44BB506ED280 /* SalesOrderHeaderDetailTableDelegate.swift */ = {isa = PBXFileReference; includeInIndex = 1; lastKnownFileType = sourcecode.swift; name = SalesOrderHeaderDetailTableDelegate.swift; path = TableDelegates/DetailTableDelegates/SalesOrderHeaderDetailTableDelegate.swift; sourceTree = "<group>"; };
		07FC7F6E21CC97EE3F285A39 /* PurchaseOrderItem.swift */ = {isa = PBXFileReference; includeInIndex = 1; lastKnownFileType = sourcecode.swift; name = PurchaseOrderItem.swift; path = "Proxy Classes/com.sap.ios.sdk.onboarding/public/PurchaseOrderItem.swift"; sourceTree = "<group>"; };
		0955E5F28B431DDD6F61CCD9 /* ESPMContainer.swift */ = {isa = PBXFileReference; includeInIndex = 1; lastKnownFileType = sourcecode.swift; name = ESPMContainer.swift; path = "Proxy Classes/com.sap.ios.sdk.onboarding/public/ESPMContainer.swift"; sourceTree = "<group>"; };
		12E07EF11E96851800460A94 /* CollectionType.swift */ = {isa = PBXFileReference; fileEncoding = 4; lastKnownFileType = sourcecode.swift; path = CollectionType.swift; sourceTree = "<group>"; };
		13273118488FE359E987173E /* PurchaseOrderHeader.swift */ = {isa = PBXFileReference; includeInIndex = 1; lastKnownFileType = sourcecode.swift; name = PurchaseOrderHeader.swift; path = "Proxy Classes/com.sap.ios.sdk.onboarding/public/PurchaseOrderHeader.swift"; sourceTree = "<group>"; };
		19EA8CB0135E8FA4AF98DCEF /* PurchaseOrderItemDetailTableDelegate.swift */ = {isa = PBXFileReference; includeInIndex = 1; lastKnownFileType = sourcecode.swift; name = PurchaseOrderItemDetailTableDelegate.swift; path = TableDelegates/DetailTableDelegates/PurchaseOrderItemDetailTableDelegate.swift; sourceTree = "<group>"; };
		218E94102843100F1B9911B6 /* PurchaseOrderHeaderDetailTableDelegate.swift */ = {isa = PBXFileReference; includeInIndex = 1; lastKnownFileType = sourcecode.swift; name = PurchaseOrderHeaderDetailTableDelegate.swift; path = TableDelegates/DetailTableDelegates/PurchaseOrderHeaderDetailTableDelegate.swift; sourceTree = "<group>"; };
		2D82A115D1AC8DC4AD4345DB /* SuppliersMasterTableDelegate.swift */ = {isa = PBXFileReference; includeInIndex = 1; lastKnownFileType = sourcecode.swift; name = SuppliersMasterTableDelegate.swift; path = TableDelegates/MasterTableDelegates/SuppliersMasterTableDelegate.swift; sourceTree = "<group>"; };
		2E772C02FDC09EE83E714E0F /* CustomerDetailTableDelegate.swift */ = {isa = PBXFileReference; includeInIndex = 1; lastKnownFileType = sourcecode.swift; name = CustomerDetailTableDelegate.swift; path = TableDelegates/DetailTableDelegates/CustomerDetailTableDelegate.swift; sourceTree = "<group>"; };
		3B2F621478CBDA442E26B573 /* ProductsMasterTableDelegate.swift */ = {isa = PBXFileReference; includeInIndex = 1; lastKnownFileType = sourcecode.swift; name = ProductsMasterTableDelegate.swift; path = TableDelegates/MasterTableDelegates/ProductsMasterTableDelegate.swift; sourceTree = "<group>"; };
		3D146D8DCB9FD0EA7CEC0DB0 /* SalesOrderHeadersMasterTableDelegate.swift */ = {isa = PBXFileReference; includeInIndex = 1; lastKnownFileType = sourcecode.swift; name = SalesOrderHeadersMasterTableDelegate.swift; path = TableDelegates/MasterTableDelegates/SalesOrderHeadersMasterTableDelegate.swift; sourceTree = "<group>"; };
		3F577623879D8AAACFB7C483 /* SupplierDetailTableDelegate.swift */ = {isa = PBXFileReference; includeInIndex = 1; lastKnownFileType = sourcecode.swift; name = SupplierDetailTableDelegate.swift; path = TableDelegates/DetailTableDelegates/SupplierDetailTableDelegate.swift; sourceTree = "<group>"; };
		51D52DA5352DDF6D28E25105 /* Supplier.swift */ = {isa = PBXFileReference; includeInIndex = 1; lastKnownFileType = sourcecode.swift; name = Supplier.swift; path = "Proxy Classes/com.sap.ios.sdk.onboarding/public/Supplier.swift"; sourceTree = "<group>"; };
		59C58A1313B9583B80310602 /* Stock.swift */ = {isa = PBXFileReference; includeInIndex = 1; lastKnownFileType = sourcecode.swift; name = Stock.swift; path = "Proxy Classes/com.sap.ios.sdk.onboarding/public/Stock.swift"; sourceTree = "<group>"; };
		6100504B09493D924227FB12 /* StockDetailTableDelegate.swift */ = {isa = PBXFileReference; includeInIndex = 1; lastKnownFileType = sourcecode.swift; name = StockDetailTableDelegate.swift; path = TableDelegates/DetailTableDelegates/StockDetailTableDelegate.swift; sourceTree = "<group>"; };
		63CFFE74E75994168C8DEB92 /* Product.swift */ = {isa = PBXFileReference; includeInIndex = 1; lastKnownFileType = sourcecode.swift; name = Product.swift; path = "Proxy Classes/com.sap.ios.sdk.onboarding/public/Product.swift"; sourceTree = "<group>"; };
		66B1B37F395EB69B9279766A /* PurchaseOrderItemsMasterTableDelegate.swift */ = {isa = PBXFileReference; includeInIndex = 1; lastKnownFileType = sourcecode.swift; name = PurchaseOrderItemsMasterTableDelegate.swift; path = TableDelegates/MasterTableDelegates/PurchaseOrderItemsMasterTableDelegate.swift; sourceTree = "<group>"; };
		67C92C811FA058FE91F5AF92 /* SalesOrderHeader.swift */ = {isa = PBXFileReference; includeInIndex = 1; lastKnownFileType = sourcecode.swift; name = SalesOrderHeader.swift; path = "Proxy Classes/com.sap.ios.sdk.onboarding/public/SalesOrderHeader.swift"; sourceTree = "<group>"; };
		7526CCAC1D86B009007D789D /* iOS-on-boarding.entitlements */ = {isa = PBXFileReference; lastKnownFileType = text.plist.entitlements; path = "iOS-on-boarding.entitlements"; sourceTree = "<group>"; };
		75AC42CB1DAF824D00B445FF /* MasterViewController.swift */ = {isa = PBXFileReference; fileEncoding = 4; lastKnownFileType = sourcecode.swift; path = MasterViewController.swift; sourceTree = "<group>"; };
		75AC42CC1DAF824D00B445FF /* DetailViewController.swift */ = {isa = PBXFileReference; fileEncoding = 4; lastKnownFileType = sourcecode.swift; path = DetailViewController.swift; sourceTree = "<group>"; };
		75AC42CD1DAF824D00B445FF /* BasicAuthViewController.swift */ = {isa = PBXFileReference; fileEncoding = 4; lastKnownFileType = sourcecode.swift; path = BasicAuthViewController.swift; sourceTree = "<group>"; };
		75AC42CE1DAF824D00B445FF /* CollectionsViewController.swift */ = {isa = PBXFileReference; fileEncoding = 4; lastKnownFileType = sourcecode.swift; path = CollectionsViewController.swift; sourceTree = "<group>"; };
		75AC42D91DAF868400B445FF /* Notifier.swift */ = {isa = PBXFileReference; fileEncoding = 4; lastKnownFileType = sourcecode.swift; path = Notifier.swift; sourceTree = "<group>"; };
		75AC42DB1DAF988700B445FF /* MasterTableDelegate.swift */ = {isa = PBXFileReference; fileEncoding = 4; lastKnownFileType = sourcecode.swift; path = MasterTableDelegate.swift; sourceTree = "<group>"; };
		75AC42DD1DAF988D00B445FF /* DetailTableDelegate.swift */ = {isa = PBXFileReference; fileEncoding = 4; lastKnownFileType = sourcecode.swift; path = DetailTableDelegate.swift; sourceTree = "<group>"; };
		75C4FF724429C3929EC09241 /* SalesOrderItemsMasterTableDelegate.swift */ = {isa = PBXFileReference; includeInIndex = 1; lastKnownFileType = sourcecode.swift; name = SalesOrderItemsMasterTableDelegate.swift; path = TableDelegates/MasterTableDelegates/SalesOrderItemsMasterTableDelegate.swift; sourceTree = "<group>"; };
		75C9C1141DC22E3B002055E6 /* RegexManager.swift */ = {isa = PBXFileReference; fileEncoding = 4; lastKnownFileType = sourcecode.swift; path = RegexManager.swift; sourceTree = "<group>"; };
		75DD10A31DC1F23B007EB4BC /* TypeValidator.swift */ = {isa = PBXFileReference; fileEncoding = 4; lastKnownFileType = sourcecode.swift; path = TypeValidator.swift; sourceTree = "<group>"; };
		76BE854B8102E0A68A80D265 /* SalesOrderItem.swift */ = {isa = PBXFileReference; includeInIndex = 1; lastKnownFileType = sourcecode.swift; name = SalesOrderItem.swift; path = "Proxy Classes/com.sap.ios.sdk.onboarding/public/SalesOrderItem.swift"; sourceTree = "<group>"; };
		7A1315B51D4B982000A5DA56 /* iOS-on-boarding.app */ = {isa = PBXFileReference; explicitFileType = wrapper.application; includeInIndex = 0; path = "iOS-on-boarding.app"; sourceTree = BUILT_PRODUCTS_DIR; };
		7A1315B81D4B982000A5DA56 /* AppDelegate.swift */ = {isa = PBXFileReference; lastKnownFileType = sourcecode.swift; path = AppDelegate.swift; sourceTree = "<group>"; };
		7A1315C11D4B982000A5DA56 /* Assets.xcassets */ = {isa = PBXFileReference; lastKnownFileType = folder.assetcatalog; path = Assets.xcassets; sourceTree = "<group>"; };
		7A1315C41D4B982000A5DA56 /* Base */ = {isa = PBXFileReference; lastKnownFileType = file.storyboard; name = Base; path = Base.lproj/LaunchScreen.storyboard; sourceTree = "<group>"; };
		7A1315C61D4B982000A5DA56 /* Info.plist */ = {isa = PBXFileReference; lastKnownFileType = text.plist.xml; path = Info.plist; sourceTree = "<group>"; };
		7AB2C56C1D50A95E00D1F039 /* Constants.swift */ = {isa = PBXFileReference; fileEncoding = 4; lastKnownFileType = sourcecode.swift; path = Constants.swift; sourceTree = "<group>"; };
		89BDF565BD2816D9BC8AF9AC /* StockMasterTableDelegate.swift */ = {isa = PBXFileReference; includeInIndex = 1; lastKnownFileType = sourcecode.swift; name = StockMasterTableDelegate.swift; path = TableDelegates/MasterTableDelegates/StockMasterTableDelegate.swift; sourceTree = "<group>"; };
		8C75DA3D88C3BDFB86CB429A /* Customer.swift */ = {isa = PBXFileReference; includeInIndex = 1; lastKnownFileType = sourcecode.swift; name = Customer.swift; path = "Proxy Classes/com.sap.ios.sdk.onboarding/public/Customer.swift"; sourceTree = "<group>"; };
		AADF75AEA0AD4C0946295053 /* ESPMContainerDataAccess.swift */ = {isa = PBXFileReference; includeInIndex = 1; lastKnownFileType = sourcecode.swift; path = ESPMContainerDataAccess.swift; sourceTree = "<group>"; };
		B219D8CF4AAB481EF638428B /* CustomersMasterTableDelegate.swift */ = {isa = PBXFileReference; includeInIndex = 1; lastKnownFileType = sourcecode.swift; name = CustomersMasterTableDelegate.swift; path = TableDelegates/MasterTableDelegates/CustomersMasterTableDelegate.swift; sourceTree = "<group>"; };
		B8C18D6A1F20DD6E003EAE47 /* AppLogonHelper.swift */ = {isa = PBXFileReference; fileEncoding = 4; lastKnownFileType = sourcecode.swift; path = AppLogonHelper.swift; sourceTree = "<group>"; };
		B8C18D6C1F20DFA4003EAE47 /* WelcomeControllerDelegate.swift */ = {isa = PBXFileReference; fileEncoding = 4; lastKnownFileType = sourcecode.swift; path = WelcomeControllerDelegate.swift; sourceTree = "<group>"; };
		B8C18D6E1F20EA19003EAE47 /* PasscodeControllerDelegate.swift */ = {isa = PBXFileReference; fileEncoding = 4; lastKnownFileType = sourcecode.swift; path = PasscodeControllerDelegate.swift; sourceTree = "<group>"; };
		B8C18D701F20EE5D003EAE47 /* ESPMService.swift */ = {isa = PBXFileReference; fileEncoding = 4; lastKnownFileType = sourcecode.swift; path = ESPMService.swift; sourceTree = "<group>"; };
		B8FAB6FE1F1F9BE90088D217 /* KeychainUtils.swift */ = {isa = PBXFileReference; fileEncoding = 4; lastKnownFileType = sourcecode.swift; path = KeychainUtils.swift; sourceTree = "<group>"; };
		B8FAB7001F1F9D860088D217 /* OnBoardingViewController.swift */ = {isa = PBXFileReference; fileEncoding = 4; lastKnownFileType = sourcecode.swift; path = OnBoardingViewController.swift; sourceTree = "<group>"; };
		CB093B6BBECCFD3B68494821 /* ProductCategoriesMasterTableDelegate.swift */ = {isa = PBXFileReference; includeInIndex = 1; lastKnownFileType = sourcecode.swift; name = ProductCategoriesMasterTableDelegate.swift; path = TableDelegates/MasterTableDelegates/ProductCategoriesMasterTableDelegate.swift; sourceTree = "<group>"; };
		CB909D801E38CA8800218154 /* Base */ = {isa = PBXFileReference; lastKnownFileType = file.storyboard; name = Base; path = Base.lproj/Main.storyboard; sourceTree = "<group>"; };
		CB9BF1FE1E3A01D0004FE213 /* en */ = {isa = PBXFileReference; lastKnownFileType = text.plist.strings; name = en; path = en.lproj/Main.strings; sourceTree = "<group>"; };
		CBF918201DCC95B30037332A /* LoadingIndicator.swift */ = {isa = PBXFileReference; fileEncoding = 4; lastKnownFileType = sourcecode.swift; path = LoadingIndicator.swift; sourceTree = "<group>"; };
		CD639797DB6570468EB100B6 /* ProductCategory.swift */ = {isa = PBXFileReference; includeInIndex = 1; lastKnownFileType = sourcecode.swift; name = ProductCategory.swift; path = "Proxy Classes/com.sap.ios.sdk.onboarding/public/ProductCategory.swift"; sourceTree = "<group>"; };
		DAFD400FACE3C10DCED88B96 /* ProductCategoryDetailTableDelegate.swift */ = {isa = PBXFileReference; includeInIndex = 1; lastKnownFileType = sourcecode.swift; name = ProductCategoryDetailTableDelegate.swift; path = TableDelegates/DetailTableDelegates/ProductCategoryDetailTableDelegate.swift; sourceTree = "<group>"; };
		E3196DD0031342EFE8B2B1B3 /* ProductDetailTableDelegate.swift */ = {isa = PBXFileReference; includeInIndex = 1; lastKnownFileType = sourcecode.swift; name = ProductDetailTableDelegate.swift; path = TableDelegates/DetailTableDelegates/ProductDetailTableDelegate.swift; sourceTree = "<group>"; };
		E4E8719F0655B1413D20CFD7 /* ProductText.swift */ = {isa = PBXFileReference; includeInIndex = 1; lastKnownFileType = sourcecode.swift; name = ProductText.swift; path = "Proxy Classes/com.sap.ios.sdk.onboarding/public/ProductText.swift"; sourceTree = "<group>"; };
		EAFF15BA53F10AA2AEB5C695 /* ProductTextsMasterTableDelegate.swift */ = {isa = PBXFileReference; includeInIndex = 1; lastKnownFileType = sourcecode.swift; name = ProductTextsMasterTableDelegate.swift; path = TableDelegates/MasterTableDelegates/ProductTextsMasterTableDelegate.swift; sourceTree = "<group>"; };
		F04D72F3C4461D0BC5BFB246 /* SalesOrderItemDetailTableDelegate.swift */ = {isa = PBXFileReference; includeInIndex = 1; lastKnownFileType = sourcecode.swift; name = SalesOrderItemDetailTableDelegate.swift; path = TableDelegates/DetailTableDelegates/SalesOrderItemDetailTableDelegate.swift; sourceTree = "<group>"; };
		F6E721608D71F0ECD8B8B6E4 /* PurchaseOrderHeadersMasterTableDelegate.swift */ = {isa = PBXFileReference; includeInIndex = 1; lastKnownFileType = sourcecode.swift; name = PurchaseOrderHeadersMasterTableDelegate.swift; path = TableDelegates/MasterTableDelegates/PurchaseOrderHeadersMasterTableDelegate.swift; sourceTree = "<group>"; };
		F7F39C6DF4F049EEB7962318 /* ProductTextDetailTableDelegate.swift */ = {isa = PBXFileReference; includeInIndex = 1; lastKnownFileType = sourcecode.swift; name = ProductTextDetailTableDelegate.swift; path = TableDelegates/DetailTableDelegates/ProductTextDetailTableDelegate.swift; sourceTree = "<group>"; };
		FD7A1AFE83C2C4B48741DAB0 /* ESPMContainerMetadata.swift */ = {isa = PBXFileReference; includeInIndex = 1; lastKnownFileType = sourcecode.swift; name = ESPMContainerMetadata.swift; path = "Proxy Classes/com.sap.ios.sdk.onboarding/public/ESPMContainerMetadata.swift"; sourceTree = "<group>"; };
/* End PBXFileReference section */

/* Begin PBXFrameworksBuildPhase section */
		7A1315B21D4B982000A5DA56 /* Frameworks */ = {
			isa = PBXFrameworksBuildPhase;
			buildActionMask = 2147483647;
			files = (
			);
			runOnlyForDeploymentPostprocessing = 0;
		};
/* End PBXFrameworksBuildPhase section */

/* Begin PBXGroup section */
		16A57D1620A633904BEAF7D3 /* public */ = {
			isa = PBXGroup;
			children = (
				8C75DA3D88C3BDFB86CB429A /* Customer.swift */,
				0955E5F28B431DDD6F61CCD9 /* ESPMContainer.swift */,
				FD7A1AFE83C2C4B48741DAB0 /* ESPMContainerMetadata.swift */,
				63CFFE74E75994168C8DEB92 /* Product.swift */,
				CD639797DB6570468EB100B6 /* ProductCategory.swift */,
				E4E8719F0655B1413D20CFD7 /* ProductText.swift */,
				13273118488FE359E987173E /* PurchaseOrderHeader.swift */,
				07FC7F6E21CC97EE3F285A39 /* PurchaseOrderItem.swift */,
				67C92C811FA058FE91F5AF92 /* SalesOrderHeader.swift */,
				76BE854B8102E0A68A80D265 /* SalesOrderItem.swift */,
				59C58A1313B9583B80310602 /* Stock.swift */,
				51D52DA5352DDF6D28E25105 /* Supplier.swift */,
			);
			name = public;
			sourceTree = "<group>";
		};
		7532C1BB1D5B6917004B03AF /* Model */ = {
			isa = PBXGroup;
			children = (
				7AB2C56C1D50A95E00D1F039 /* Constants.swift */,
				12E07EF11E96851800460A94 /* CollectionType.swift */,
				AADF75AEA0AD4C0946295053 /* ESPMContainerDataAccess.swift */,
				B8C18D701F20EE5D003EAE47 /* ESPMService.swift */,
			);
			name = Model;
			sourceTree = "<group>";
		};
		755C10B41D5C63B000ECF6A2 /* Utils */ = {
			isa = PBXGroup;
			children = (
				CBF918201DCC95B30037332A /* LoadingIndicator.swift */,
				75AC42D91DAF868400B445FF /* Notifier.swift */,
				75DD10A31DC1F23B007EB4BC /* TypeValidator.swift */,
				75C9C1141DC22E3B002055E6 /* RegexManager.swift */,
				B8FAB6FE1F1F9BE90088D217 /* KeychainUtils.swift */,
			);
			name = Utils;
			sourceTree = "<group>";
		};
		75AC42C11DAF7F6300B445FF /* TableDelegates */ = {
			isa = PBXGroup;
			children = (
				75AC42C31DAF7F8400B445FF /* DetailTableDelegates */,
				75AC42C21DAF7F7700B445FF /* MasterTableDelegates */,
			);
			name = TableDelegates;
			sourceTree = "<group>";
		};
		75AC42C21DAF7F7700B445FF /* MasterTableDelegates */ = {
			isa = PBXGroup;
			children = (
				75AC42DB1DAF988700B445FF /* MasterTableDelegate.swift */,
				3D146D8DCB9FD0EA7CEC0DB0 /* SalesOrderHeadersMasterTableDelegate.swift */,
				EAFF15BA53F10AA2AEB5C695 /* ProductTextsMasterTableDelegate.swift */,
				2D82A115D1AC8DC4AD4345DB /* SuppliersMasterTableDelegate.swift */,
				66B1B37F395EB69B9279766A /* PurchaseOrderItemsMasterTableDelegate.swift */,
				89BDF565BD2816D9BC8AF9AC /* StockMasterTableDelegate.swift */,
				B219D8CF4AAB481EF638428B /* CustomersMasterTableDelegate.swift */,
				CB093B6BBECCFD3B68494821 /* ProductCategoriesMasterTableDelegate.swift */,
				75C4FF724429C3929EC09241 /* SalesOrderItemsMasterTableDelegate.swift */,
				F6E721608D71F0ECD8B8B6E4 /* PurchaseOrderHeadersMasterTableDelegate.swift */,
				3B2F621478CBDA442E26B573 /* ProductsMasterTableDelegate.swift */,
			);
			name = MasterTableDelegates;
			sourceTree = "<group>";
		};
		75AC42C31DAF7F8400B445FF /* DetailTableDelegates */ = {
			isa = PBXGroup;
			children = (
				75AC42DD1DAF988D00B445FF /* DetailTableDelegate.swift */,
				F04D72F3C4461D0BC5BFB246 /* SalesOrderItemDetailTableDelegate.swift */,
				3F577623879D8AAACFB7C483 /* SupplierDetailTableDelegate.swift */,
				F7F39C6DF4F049EEB7962318 /* ProductTextDetailTableDelegate.swift */,
				19EA8CB0135E8FA4AF98DCEF /* PurchaseOrderItemDetailTableDelegate.swift */,
				2E772C02FDC09EE83E714E0F /* CustomerDetailTableDelegate.swift */,
				218E94102843100F1B9911B6 /* PurchaseOrderHeaderDetailTableDelegate.swift */,
				DAFD400FACE3C10DCED88B96 /* ProductCategoryDetailTableDelegate.swift */,
				6100504B09493D924227FB12 /* StockDetailTableDelegate.swift */,
				02D01D2B3E1C44BB506ED280 /* SalesOrderHeaderDetailTableDelegate.swift */,
				E3196DD0031342EFE8B2B1B3 /* ProductDetailTableDelegate.swift */,
			);
			name = DetailTableDelegates;
			sourceTree = "<group>";
		};
		75AC42C81DAF80C000B445FF /* ViewControllers */ = {
			isa = PBXGroup;
			children = (
				75AC42CB1DAF824D00B445FF /* MasterViewController.swift */,
				75AC42CC1DAF824D00B445FF /* DetailViewController.swift */,
				75AC42CD1DAF824D00B445FF /* BasicAuthViewController.swift */,
				75AC42CE1DAF824D00B445FF /* CollectionsViewController.swift */,
				B8FAB7001F1F9D860088D217 /* OnBoardingViewController.swift */,
			);
			name = ViewControllers;
			sourceTree = "<group>";
		};
		75D373EF1DD1FB0800888D4C /* Proxy Classes */ = {
			isa = PBXGroup;
			children = (
				D14DA7E8426821F9B934EB87 /* com.sap.ios.sdk.onboarding */,
			);
			name = "Proxy Classes";
			sourceTree = "<group>";
		};
		7A1315AC1D4B982000A5DA56 = {
			isa = PBXGroup;
			children = (
				7A1315B71D4B982000A5DA56 /* iOS-on-boarding */,
				7A1315B61D4B982000A5DA56 /* Products */,
				7A1315CC1D4B990B00A5DA56 /* Frameworks */,
			);
			sourceTree = "<group>";
		};
		7A1315B61D4B982000A5DA56 /* Products */ = {
			isa = PBXGroup;
			children = (
				7A1315B51D4B982000A5DA56 /* iOS-on-boarding.app */,
			);
			name = Products;
			sourceTree = "<group>";
		};
		7A1315B71D4B982000A5DA56 /* iOS-on-boarding */ = {
			isa = PBXGroup;
			children = (
				B8C18D671F20DB52003EAE47 /* OnBoarding */,
				7526CCAC1D86B009007D789D /* iOS-on-boarding.entitlements */,
				7532C1BB1D5B6917004B03AF /* Model */,
				75AC42C81DAF80C000B445FF /* ViewControllers */,
				75AC42C11DAF7F6300B445FF /* TableDelegates */,
				75D373EF1DD1FB0800888D4C /* Proxy Classes */,
				755C10B41D5C63B000ECF6A2 /* Utils */,
				7A1315B81D4B982000A5DA56 /* AppDelegate.swift */,
				CBCA7A9B1E3778A9001AF49E /* Main.storyboard */,
				7A1315C11D4B982000A5DA56 /* Assets.xcassets */,
				7A1315C31D4B982000A5DA56 /* LaunchScreen.storyboard */,
				7A1315C61D4B982000A5DA56 /* Info.plist */,
			);
			path = "iOS-on-boarding";
			sourceTree = "<group>";
		};
		7A1315CC1D4B990B00A5DA56 /* Frameworks */ = {
			isa = PBXGroup;
			children = (
			);
			name = Frameworks;
			sourceTree = "<group>";
		};
		B8C18D671F20DB52003EAE47 /* OnBoarding */ = {
			isa = PBXGroup;
			children = (
				B8C18D6A1F20DD6E003EAE47 /* AppLogonHelper.swift */,
				B8C18D6C1F20DFA4003EAE47 /* WelcomeControllerDelegate.swift */,
				B8C18D6E1F20EA19003EAE47 /* PasscodeControllerDelegate.swift */,
			);
			name = OnBoarding;
			sourceTree = "<group>";
		};
		D14DA7E8426821F9B934EB87 /* com.sap.ios.sdk.onboarding */ = {
			isa = PBXGroup;
			children = (
				16A57D1620A633904BEAF7D3 /* public */,
			);
			name = com.sap.ios.sdk.onboarding;
			sourceTree = "<group>";
		};
/* End PBXGroup section */

/* Begin PBXNativeTarget section */
		7A1315B41D4B982000A5DA56 /* iOS-on-boarding */ = {
			isa = PBXNativeTarget;
			buildConfigurationList = 7A1315C91D4B982000A5DA56 /* Build configuration list for PBXNativeTarget "iOS-on-boarding" */;
			buildPhases = (
				7A1315B11D4B982000A5DA56 /* Sources */,
				7A1315B21D4B982000A5DA56 /* Frameworks */,
				7A1315B31D4B982000A5DA56 /* Resources */,
				758AC1C31D5A265200311F39 /* Embed Frameworks */,
			);
			buildRules = (
			);
			dependencies = (
			);
			name = "iOS-on-boarding";
			productName = "iOS-on-boarding";
			productReference = 7A1315B51D4B982000A5DA56 /* iOS-on-boarding.app */;
			productType = "com.apple.product-type.application";
		};
/* End PBXNativeTarget section */

/* Begin PBXProject section */
		7A1315AD1D4B982000A5DA56 /* Project object */ = {
			isa = PBXProject;
			attributes = {
				LastSwiftUpdateCheck = 0800;
				LastUpgradeCheck = 0810;
				ORGANIZATIONNAME = SAP;
				TargetAttributes = {
					7A1315B41D4B982000A5DA56 = {
						CreatedOnToolsVersion = 8.0;
						DevelopmentTeam = 8QU6GU25TK;
						ProvisioningStyle = Automatic;
						SystemCapabilities = {
							com.apple.BackgroundModes = {
								enabled = 1;
							};
							com.apple.Push = {
								enabled = 1;
							};
						};
					};
				};
			};
			buildConfigurationList = 7A1315B01D4B982000A5DA56 /* Build configuration list for PBXProject "iOS-on-boarding" */;
			compatibilityVersion = "Xcode 3.2";
			developmentRegion = English;
			hasScannedForEncodings = 0;
			knownRegions = (
				en,
				Base,
			);
			mainGroup = 7A1315AC1D4B982000A5DA56;
			productRefGroup = 7A1315B61D4B982000A5DA56 /* Products */;
			projectDirPath = "";
			projectRoot = "";
			targets = (
				7A1315B41D4B982000A5DA56 /* iOS-on-boarding */,
			);
		};
/* End PBXProject section */

/* Begin PBXResourcesBuildPhase section */
		7A1315B31D4B982000A5DA56 /* Resources */ = {
			isa = PBXResourcesBuildPhase;
			buildActionMask = 2147483647;
			files = (
				7A1315C51D4B982000A5DA56 /* LaunchScreen.storyboard in Resources */,
				7A1315C21D4B982000A5DA56 /* Assets.xcassets in Resources */,
				CBCA7A991E3778A9001AF49E /* Main.storyboard in Resources */,
			);
			runOnlyForDeploymentPostprocessing = 0;
		};
/* End PBXResourcesBuildPhase section */

/* Begin PBXSourcesBuildPhase section */
		7A1315B11D4B982000A5DA56 /* Sources */ = {
			isa = PBXSourcesBuildPhase;
			buildActionMask = 2147483647;
			files = (
				B8C18D6F1F20EA19003EAE47 /* PasscodeControllerDelegate.swift in Sources */,
				753AAE9E1DCA20B400972B8E /* (null) in Sources */,
				75AC42D11DAF824D00B445FF /* MasterViewController.swift in Sources */,
				75AC42D21DAF824D00B445FF /* DetailViewController.swift in Sources */,
				75AC42D31DAF824D00B445FF /* BasicAuthViewController.swift in Sources */,
				CBF918211DCC95B30037332A /* LoadingIndicator.swift in Sources */,
				12E07EF21E96851800460A94 /* CollectionType.swift in Sources */,
				753AAE9F1DCA20B400972B8E /* (null) in Sources */,
				B8C18D6B1F20DD6E003EAE47 /* AppLogonHelper.swift in Sources */,
				75AC42DE1DAF988D00B445FF /* DetailTableDelegate.swift in Sources */,
				7AB2C56D1D50A95E00D1F039 /* Constants.swift in Sources */,
				75DD10A41DC1F23B007EB4BC /* TypeValidator.swift in Sources */,
				75AC42D41DAF824D00B445FF /* CollectionsViewController.swift in Sources */,
				75AC42DC1DAF988700B445FF /* MasterTableDelegate.swift in Sources */,
				7A1315B91D4B982000A5DA56 /* AppDelegate.swift in Sources */,
				75AC42DA1DAF868400B445FF /* Notifier.swift in Sources */,
				75C9C1151DC22E3B002055E6 /* RegexManager.swift in Sources */,
				0D7C10C14CE7A573759F79E4 /* Customer.swift in Sources */,
				B8C18D6D1F20DFA4003EAE47 /* WelcomeControllerDelegate.swift in Sources */,
				81776E87323E0BD7E481B70E /* ESPMContainer.swift in Sources */,
				1D2BF2AF8A25EF7159E000B8 /* ESPMContainerMetadata.swift in Sources */,
				3683BE585A43FDE21BFED977 /* Product.swift in Sources */,
				D5BE6CD5C3559E3CC7C1EFF6 /* ProductCategory.swift in Sources */,
				48306D6E7F281CCBDBCDF3BC /* ProductText.swift in Sources */,
				605A91C74F3C5CA852D6873F /* PurchaseOrderHeader.swift in Sources */,
				490EC67461B9F75B9F03CE89 /* PurchaseOrderItem.swift in Sources */,
				8A4249529B08251C275D3C28 /* SalesOrderHeader.swift in Sources */,
				F3286C4F8FBC3DD4D6904179 /* SalesOrderItem.swift in Sources */,
				592EE779637ECA00605E6AF6 /* Stock.swift in Sources */,
				96F5E9031AF3E308CF1F47DF /* Supplier.swift in Sources */,
				0E67D015678CEB8902662B64 /* ESPMContainerDataAccess.swift in Sources */,
				AB45CEE0BAB3D7C581FF2EC7 /* SalesOrderItemDetailTableDelegate.swift in Sources */,
				B8FAB7011F1F9D860088D217 /* OnBoardingViewController.swift in Sources */,
				E025A1A6884E00EBE4D9B7AA /* SupplierDetailTableDelegate.swift in Sources */,
				6A3BE2BFEEB35024DD5DA7D5 /* ProductTextDetailTableDelegate.swift in Sources */,
				3900CC19F5E3066B528336A8 /* PurchaseOrderItemDetailTableDelegate.swift in Sources */,
				4AB378E754D44C38F2C182C2 /* CustomerDetailTableDelegate.swift in Sources */,
				A14D15275739B16E19E88A40 /* PurchaseOrderHeaderDetailTableDelegate.swift in Sources */,
				12926CEA9277E3450A7B09BB /* ProductCategoryDetailTableDelegate.swift in Sources */,
				50EB151060A49518DBB8CB71 /* StockDetailTableDelegate.swift in Sources */,
				2BAB6EEAFD44CBDE31737B66 /* SalesOrderHeaderDetailTableDelegate.swift in Sources */,
				870286AA8C79C96F774673CE /* ProductDetailTableDelegate.swift in Sources */,
				C7AC823B42F3ED54610A5E04 /* SalesOrderHeadersMasterTableDelegate.swift in Sources */,
				65B8DB8CD8C002827FB1A113 /* ProductTextsMasterTableDelegate.swift in Sources */,
				BE5B0F7D2AA22CBBE146F55F /* SuppliersMasterTableDelegate.swift in Sources */,
				E358AF44131281BAED33CADB /* PurchaseOrderItemsMasterTableDelegate.swift in Sources */,
				B8C18D711F20EE5D003EAE47 /* ESPMService.swift in Sources */,
				C90B8B8CBCE1047ACF21C199 /* StockMasterTableDelegate.swift in Sources */,
				F881DF8B4C8DE6CF10DABE77 /* CustomersMasterTableDelegate.swift in Sources */,
				894079376FD4BF4460A3C08C /* ProductCategoriesMasterTableDelegate.swift in Sources */,
				B8FAB6FF1F1F9BE90088D217 /* KeychainUtils.swift in Sources */,
				0ACA7EB649EC7DD905A77418 /* SalesOrderItemsMasterTableDelegate.swift in Sources */,
				73CCBB32F37B7C4A3D613A0F /* PurchaseOrderHeadersMasterTableDelegate.swift in Sources */,
				50327CE3CDE80A4A2D545F11 /* ProductsMasterTableDelegate.swift in Sources */,
			);
			runOnlyForDeploymentPostprocessing = 0;
		};
/* End PBXSourcesBuildPhase section */

/* Begin PBXVariantGroup section */
		7A1315C31D4B982000A5DA56 /* LaunchScreen.storyboard */ = {
			isa = PBXVariantGroup;
			children = (
				7A1315C41D4B982000A5DA56 /* Base */,
			);
			name = LaunchScreen.storyboard;
			sourceTree = "<group>";
		};
		CBCA7A9B1E3778A9001AF49E /* Main.storyboard */ = {
			isa = PBXVariantGroup;
			children = (
				CB909D801E38CA8800218154 /* Base */,
				CB9BF1FE1E3A01D0004FE213 /* en */,
			);
			name = Main.storyboard;
			sourceTree = "<group>";
		};
/* End PBXVariantGroup section */

/* Begin XCBuildConfiguration section */
		7A1315C71D4B982000A5DA56 /* Debug */ = {
			isa = XCBuildConfiguration;
			buildSettings = {
				ALWAYS_SEARCH_USER_PATHS = NO;
				CLANG_ANALYZER_NONNULL = YES;
				CLANG_CXX_LANGUAGE_STANDARD = "gnu++0x";
				CLANG_CXX_LIBRARY = "libc++";
				CLANG_ENABLE_MODULES = YES;
				CLANG_ENABLE_OBJC_ARC = YES;
				CLANG_WARN_BOOL_CONVERSION = YES;
				CLANG_WARN_CONSTANT_CONVERSION = YES;
				CLANG_WARN_DIRECT_OBJC_ISA_USAGE = YES_ERROR;
				CLANG_WARN_DOCUMENTATION_COMMENTS = YES;
				CLANG_WARN_EMPTY_BODY = YES;
				CLANG_WARN_ENUM_CONVERSION = YES;
				CLANG_WARN_INFINITE_RECURSION = YES;
				CLANG_WARN_INT_CONVERSION = YES;
				CLANG_WARN_OBJC_ROOT_CLASS = YES_ERROR;
				CLANG_WARN_SUSPICIOUS_MOVE = YES;
				CLANG_WARN_UNREACHABLE_CODE = YES;
				CLANG_WARN__DUPLICATE_METHOD_MATCH = YES;
				"CODE_SIGN_IDENTITY[sdk=iphoneos*]" = "iPhone Developer";
				COPY_PHASE_STRIP = NO;
				DEBUG_INFORMATION_FORMAT = dwarf;
				ENABLE_STRICT_OBJC_MSGSEND = YES;
				ENABLE_TESTABILITY = YES;
				GCC_C_LANGUAGE_STANDARD = gnu99;
				GCC_DYNAMIC_NO_PIC = NO;
				GCC_NO_COMMON_BLOCKS = YES;
				GCC_OPTIMIZATION_LEVEL = 0;
				GCC_PREPROCESSOR_DEFINITIONS = (
					"DEBUG=1",
					"$(inherited)",
				);
				GCC_WARN_64_TO_32_BIT_CONVERSION = YES;
				GCC_WARN_ABOUT_RETURN_TYPE = YES_ERROR;
				GCC_WARN_UNDECLARED_SELECTOR = YES;
				GCC_WARN_UNINITIALIZED_AUTOS = YES_AGGRESSIVE;
				GCC_WARN_UNUSED_FUNCTION = YES;
				GCC_WARN_UNUSED_VARIABLE = YES;
				IPHONEOS_DEPLOYMENT_TARGET = 10.1;
				LD_RUNPATH_SEARCH_PATHS = "@executable_path/Frameworks";
				MTL_ENABLE_DEBUG_INFO = YES;
				ONLY_ACTIVE_ARCH = YES;
				SDKROOT = iphoneos;
				SWIFT_ACTIVE_COMPILATION_CONDITIONS = DEBUG;
				SWIFT_OPTIMIZATION_LEVEL = "-Onone";
				TARGETED_DEVICE_FAMILY = "1,2";
			};
			name = Debug;
		};
		7A1315C81D4B982000A5DA56 /* Release */ = {
			isa = XCBuildConfiguration;
			buildSettings = {
				ALWAYS_SEARCH_USER_PATHS = NO;
				CLANG_ANALYZER_NONNULL = YES;
				CLANG_CXX_LANGUAGE_STANDARD = "gnu++0x";
				CLANG_CXX_LIBRARY = "libc++";
				CLANG_ENABLE_MODULES = YES;
				CLANG_ENABLE_OBJC_ARC = YES;
				CLANG_WARN_BOOL_CONVERSION = YES;
				CLANG_WARN_CONSTANT_CONVERSION = YES;
				CLANG_WARN_DIRECT_OBJC_ISA_USAGE = YES_ERROR;
				CLANG_WARN_DOCUMENTATION_COMMENTS = YES;
				CLANG_WARN_EMPTY_BODY = YES;
				CLANG_WARN_ENUM_CONVERSION = YES;
				CLANG_WARN_INFINITE_RECURSION = YES;
				CLANG_WARN_INT_CONVERSION = YES;
				CLANG_WARN_OBJC_ROOT_CLASS = YES_ERROR;
				CLANG_WARN_SUSPICIOUS_MOVE = YES;
				CLANG_WARN_UNREACHABLE_CODE = YES;
				CLANG_WARN__DUPLICATE_METHOD_MATCH = YES;
				"CODE_SIGN_IDENTITY[sdk=iphoneos*]" = "iPhone Developer";
				COPY_PHASE_STRIP = NO;
				DEBUG_INFORMATION_FORMAT = "dwarf-with-dsym";
				ENABLE_NS_ASSERTIONS = NO;
				ENABLE_STRICT_OBJC_MSGSEND = YES;
				GCC_C_LANGUAGE_STANDARD = gnu99;
				GCC_NO_COMMON_BLOCKS = YES;
				GCC_WARN_64_TO_32_BIT_CONVERSION = YES;
				GCC_WARN_ABOUT_RETURN_TYPE = YES_ERROR;
				GCC_WARN_UNDECLARED_SELECTOR = YES;
				GCC_WARN_UNINITIALIZED_AUTOS = YES_AGGRESSIVE;
				GCC_WARN_UNUSED_FUNCTION = YES;
				GCC_WARN_UNUSED_VARIABLE = YES;
				IPHONEOS_DEPLOYMENT_TARGET = 10.1;
				LD_RUNPATH_SEARCH_PATHS = "@executable_path/Frameworks";
				MTL_ENABLE_DEBUG_INFO = NO;
				SDKROOT = iphoneos;
				SWIFT_OPTIMIZATION_LEVEL = "-Owholemodule";
				TARGETED_DEVICE_FAMILY = "1,2";
				VALIDATE_PRODUCT = YES;
			};
			name = Release;
		};
		7A1315CA1D4B982000A5DA56 /* Debug */ = {
			isa = XCBuildConfiguration;
			buildSettings = {
				ASSETCATALOG_COMPILER_APPICON_NAME = AppIcon;
				CODE_SIGN_ENTITLEMENTS = "iOS-on-boarding/iOS-on-boarding.entitlements";
				CODE_SIGN_IDENTITY = "iPhone Developer";
				"CODE_SIGN_IDENTITY[sdk=iphoneos*]" = "iPhone Developer";
				DEVELOPMENT_TEAM = 8QU6GU25TK;
				EMBED_ASSET_PACKS_IN_PRODUCT_BUNDLE = NO;
				ENABLE_BITCODE = NO;
				FRAMEWORK_SEARCH_PATHS = (
					"$(inherited)",
					"$(PROJECT_DIR)",
				);
				INFOPLIST_FILE = "iOS-on-boarding/Info.plist";
				IPHONEOS_DEPLOYMENT_TARGET = 10.2;
				LD_RUNPATH_SEARCH_PATHS = "$(inherited) @executable_path/Frameworks";
				PRODUCT_BUNDLE_IDENTIFIER = com.sap.ios.sdk.blog.schlegel.push.sample;
				PRODUCT_NAME = "$(TARGET_NAME)";
				PROVISIONING_PROFILE_SPECIFIER = "";
				SWIFT_VERSION = 3.0;
			};
			name = Debug;
		};
		7A1315CB1D4B982000A5DA56 /* Release */ = {
			isa = XCBuildConfiguration;
			buildSettings = {
				ASSETCATALOG_COMPILER_APPICON_NAME = AppIcon;
				CODE_SIGN_ENTITLEMENTS = "iOS-on-boarding/iOS-on-boarding.entitlements";
				CODE_SIGN_IDENTITY = "iPhone Developer";
				"CODE_SIGN_IDENTITY[sdk=iphoneos*]" = "iPhone Developer";
				DEVELOPMENT_TEAM = 8QU6GU25TK;
				EMBED_ASSET_PACKS_IN_PRODUCT_BUNDLE = NO;
				ENABLE_BITCODE = NO;
				FRAMEWORK_SEARCH_PATHS = (
					"$(inherited)",
					"$(PROJECT_DIR)",
				);
				INFOPLIST_FILE = "iOS-on-boarding/Info.plist";
				IPHONEOS_DEPLOYMENT_TARGET = 10.2;
				LD_RUNPATH_SEARCH_PATHS = "$(inherited) @executable_path/Frameworks";
				PRODUCT_BUNDLE_IDENTIFIER = com.sap.ios.sdk.blog.schlegel.push.sample;
				PRODUCT_NAME = "$(TARGET_NAME)";
				PROVISIONING_PROFILE_SPECIFIER = "";
				SWIFT_VERSION = 3.0;
			};
			name = Release;
		};
/* End XCBuildConfiguration section */

/* Begin XCConfigurationList section */
		7A1315B01D4B982000A5DA56 /* Build configuration list for PBXProject "iOS-on-boarding" */ = {
			isa = XCConfigurationList;
			buildConfigurations = (
				7A1315C71D4B982000A5DA56 /* Debug */,
				7A1315C81D4B982000A5DA56 /* Release */,
			);
			defaultConfigurationIsVisible = 0;
			defaultConfigurationName = Release;
		};
		7A1315C91D4B982000A5DA56 /* Build configuration list for PBXNativeTarget "iOS-on-boarding" */ = {
			isa = XCConfigurationList;
			buildConfigurations = (
				7A1315CA1D4B982000A5DA56 /* Debug */,
				7A1315CB1D4B982000A5DA56 /* Release */,
			);
			defaultConfigurationIsVisible = 0;
			defaultConfigurationName = Release;
		};
/* End XCConfigurationList section */
	};
	rootObject = 7A1315AD1D4B982000A5DA56 /* Project object */;
}
